
Microsoft Visual Studio Solution File, Format Version 12.00
# Visual Studio 15
Project("{2150E333-8FDC-42A3-9474-1A3956D46DE8}") = "Src", "Src", "{AC9D1779-410A-462C-BE53-D8E700365B0A}"
EndProject
Project("{2150E333-8FDC-42A3-9474-1A3956D46DE8}") = "Common", "Common", "{0D968FBC-40BB-4BB0-A054-F469CA1D438B}"
EndProject
Project("{FAE04EC0-301F-11D3-BF4B-00C04F79EFBC}") = "StocksCode.Common", "StocksCode.Common\StocksCode.Common.csproj", "{EAD2F496-A37B-4FEA-9C68-C4FE07AF84FA}"
EndProject
Project("{2150E333-8FDC-42A3-9474-1A3956D46DE8}") = "Core", "Core", "{6AD2D639-3319-452D-B804-932D475665BD}"
EndProject
Project("{FAE04EC0-301F-11D3-BF4B-00C04F79EFBC}") = "StocksCode.Application", "StocksCode.Application\StocksCode.Application.csproj", "{EFD768CC-01C7-4867-97E4-14D8AFC73958}"
EndProject
Project("{FAE04EC0-301F-11D3-BF4B-00C04F79EFBC}") = "StocksCode.Domain", "StocksCode.Domain\StocksCode.Domain.csproj", "{3DF67006-92FB-4C55-9774-8E965279E3B6}"
EndProject
Project("{2150E333-8FDC-42A3-9474-1A3956D46DE8}") = "Infrastructure", "Infrastructure", "{942C9295-8C57-4C6B-8FAC-87484C4EAA4E}"
EndProject
Project("{FAE04EC0-301F-11D3-BF4B-00C04F79EFBC}") = "StocksCode.Infrastructure", "StocksCode.Infrastructure\StocksCode.Infrastructure.csproj", "{7BD6E503-E682-40E9-BD2B-DD85E4018442}"
EndProject
Project("{FAE04EC0-301F-11D3-BF4B-00C04F79EFBC}") = "StocksCode.Persistence", "StocksCode.Persistence\StocksCode.Persistence.csproj", "{161AE924-98FE-4FDC-8F28-7DFE1D33DDAF}"
EndProject
Project("{2150E333-8FDC-42A3-9474-1A3956D46DE8}") = "Presentation", "Presentation", "{2A0123E0-BEF2-4282-BD7A-5CBE0CCC9BA9}"
EndProject
Project("{FAE04EC0-301F-11D3-BF4B-00C04F79EFBC}") = "StocksCode.Presentation", "StocksCode.Presentation\StocksCode.Presentation.csproj", "{A7691B84-61C5-4674-8458-4BA2F54AD334}"
EndProject
Global
	GlobalSection(SolutionConfigurationPlatforms) = preSolution
		Debug|Any CPU = Debug|Any CPU
		Release|Any CPU = Release|Any CPU
	EndGlobalSection
	GlobalSection(ProjectConfigurationPlatforms) = postSolution
		{EAD2F496-A37B-4FEA-9C68-C4FE07AF84FA}.Debug|Any CPU.ActiveCfg = Debug|Any CPU
		{EAD2F496-A37B-4FEA-9C68-C4FE07AF84FA}.Debug|Any CPU.Build.0 = Debug|Any CPU
		{EAD2F496-A37B-4FEA-9C68-C4FE07AF84FA}.Release|Any CPU.ActiveCfg = Release|Any CPU
		{EAD2F496-A37B-4FEA-9C68-C4FE07AF84FA}.Release|Any CPU.Build.0 = Release|Any CPU
		{EFD768CC-01C7-4867-97E4-14D8AFC73958}.Debug|Any CPU.ActiveCfg = Debug|Any CPU
		{EFD768CC-01C7-4867-97E4-14D8AFC73958}.Debug|Any CPU.Build.0 = Debug|Any CPU
		{EFD768CC-01C7-4867-97E4-14D8AFC73958}.Release|Any CPU.ActiveCfg = Release|Any CPU
		{EFD768CC-01C7-4867-97E4-14D8AFC73958}.Release|Any CPU.Build.0 = Release|Any CPU
		{3DF67006-92FB-4C55-9774-8E965279E3B6}.Debug|Any CPU.ActiveCfg = Debug|Any CPU
		{3DF67006-92FB-4C55-9774-8E965279E3B6}.Debug|Any CPU.Build.0 = Debug|Any CPU
		{3DF67006-92FB-4C55-9774-8E965279E3B6}.Release|Any CPU.ActiveCfg = Release|Any CPU
		{3DF67006-92FB-4C55-9774-8E965279E3B6}.Release|Any CPU.Build.0 = Release|Any CPU
		{7BD6E503-E682-40E9-BD2B-DD85E4018442}.Debug|Any CPU.ActiveCfg = Debug|Any CPU
		{7BD6E503-E682-40E9-BD2B-DD85E4018442}.Debug|Any CPU.Build.0 = Debug|Any CPU
		{7BD6E503-E682-40E9-BD2B-DD85E4018442}.Release|Any CPU.ActiveCfg = Release|Any CPU
		{7BD6E503-E682-40E9-BD2B-DD85E4018442}.Release|Any CPU.Build.0 = Release|Any CPU
		{161AE924-98FE-4FDC-8F28-7DFE1D33DDAF}.Debug|Any CPU.ActiveCfg = Debug|Any CPU
		{161AE924-98FE-4FDC-8F28-7DFE1D33DDAF}.Debug|Any CPU.Build.0 = Debug|Any CPU
		{161AE924-98FE-4FDC-8F28-7DFE1D33DDAF}.Release|Any CPU.ActiveCfg = Release|Any CPU
		{161AE924-98FE-4FDC-8F28-7DFE1D33DDAF}.Release|Any CPU.Build.0 = Release|Any CPU
		{A7691B84-61C5-4674-8458-4BA2F54AD334}.Debug|Any CPU.ActiveCfg = Debug|Any CPU
		{A7691B84-61C5-4674-8458-4BA2F54AD334}.Debug|Any CPU.Build.0 = Debug|Any CPU
		{A7691B84-61C5-4674-8458-4BA2F54AD334}.Release|Any CPU.ActiveCfg = Release|Any CPU
		{A7691B84-61C5-4674-8458-4BA2F54AD334}.Release|Any CPU.Build.0 = Release|Any CPU
	EndGlobalSection
	GlobalSection(NestedProjects) = preSolution
		{0D968FBC-40BB-4BB0-A054-F469CA1D438B} = {AC9D1779-410A-462C-BE53-D8E700365B0A}
		{EAD2F496-A37B-4FEA-9C68-C4FE07AF84FA} = {0D968FBC-40BB-4BB0-A054-F469CA1D438B}
		{6AD2D639-3319-452D-B804-932D475665BD} = {AC9D1779-410A-462C-BE53-D8E700365B0A}
		{EFD768CC-01C7-4867-97E4-14D8AFC73958} = {6AD2D639-3319-452D-B804-932D475665BD}
		{3DF67006-92FB-4C55-9774-8E965279E3B6} = {6AD2D639-3319-452D-B804-932D475665BD}
		{942C9295-8C57-4C6B-8FAC-87484C4EAA4E} = {AC9D1779-410A-462C-BE53-D8E700365B0A}
		{7BD6E503-E682-40E9-BD2B-DD85E4018442} = {942C9295-8C57-4C6B-8FAC-87484C4EAA4E}
		{161AE924-98FE-4FDC-8F28-7DFE1D33DDAF} = {942C9295-8C57-4C6B-8FAC-87484C4EAA4E}
		{2A0123E0-BEF2-4282-BD7A-5CBE0CCC9BA9} = {AC9D1779-410A-462C-BE53-D8E700365B0A}
		{A7691B84-61C5-4674-8458-4BA2F54AD334} = {2A0123E0-BEF2-4282-BD7A-5CBE0CCC9BA9}
	EndGlobalSection
EndGlobal
